
Microsoft Visual Studio Solution File, Format Version 12.00
# Visual Studio Version 17
VisualStudioVersion = 17.7.34221.43
MinimumVisualStudioVersion = 10.0.40219.1
Project("{FAE04EC0-301F-11D3-BF4B-00C04F79EFBC}") = "task4", "task4\task4.csproj", "{039B2490-231C-4B01-908C-27034C7F9830}"
EndProject
Global
	GlobalSection(SolutionConfigurationPlatforms) = preSolution
		Debug|Any CPU = Debug|Any CPU
		Release|Any CPU = Release|Any CPU
	EndGlobalSection
	GlobalSection(ProjectConfigurationPlatforms) = postSolution
		{039B2490-231C-4B01-908C-27034C7F9830}.Debug|Any CPU.ActiveCfg = Debug|Any CPU
		{039B2490-231C-4B01-908C-27034C7F9830}.Debug|Any CPU.Build.0 = Debug|Any CPU
		{039B2490-231C-4B01-908C-27034C7F9830}.Release|Any CPU.ActiveCfg = Release|Any CPU
		{039B2490-231C-4B01-908C-27034C7F9830}.Release|Any CPU.Build.0 = Release|Any CPU
	EndGlobalSection
	GlobalSection(SolutionProperties) = preSolution
		HideSolutionNode = FALSE
	EndGlobalSection
	GlobalSection(ExtensibilityGlobals) = postSolution
		SolutionGuid = {B58293AD-F6A2-44D4-8BFC-F47FA8B251CE}
	EndGlobalSection
EndGlobal
