
Microsoft Visual Studio Solution File, Format Version 12.00
# Visual Studio Version 17
VisualStudioVersion = 17.7.34221.43
MinimumVisualStudioVersion = 10.0.40219.1
Project("{FAE04EC0-301F-11D3-BF4B-00C04F79EFBC}") = "task1", "task1\task1.csproj", "{983B9354-8966-49FA-AD54-4302A3771053}"
EndProject
Global
	GlobalSection(SolutionConfigurationPlatforms) = preSolution
		Debug|Any CPU = Debug|Any CPU
		Release|Any CPU = Release|Any CPU
	EndGlobalSection
	GlobalSection(ProjectConfigurationPlatforms) = postSolution
		{983B9354-8966-49FA-AD54-4302A3771053}.Debug|Any CPU.ActiveCfg = Debug|Any CPU
		{983B9354-8966-49FA-AD54-4302A3771053}.Debug|Any CPU.Build.0 = Debug|Any CPU
		{983B9354-8966-49FA-AD54-4302A3771053}.Release|Any CPU.ActiveCfg = Release|Any CPU
		{983B9354-8966-49FA-AD54-4302A3771053}.Release|Any CPU.Build.0 = Release|Any CPU
	EndGlobalSection
	GlobalSection(SolutionProperties) = preSolution
		HideSolutionNode = FALSE
	EndGlobalSection
	GlobalSection(ExtensibilityGlobals) = postSolution
		SolutionGuid = {0BE979E1-6F49-4F9D-8F94-73E207D60F0D}
	EndGlobalSection
EndGlobal
